
Microsoft Visual Studio Solution File, Format Version 12.00
# Visual Studio Version 16
VisualStudioVersion = 16.0.29009.5
MinimumVisualStudioVersion = 10.0.40219.1
Project("{8BC9CEB8-8B4A-11D0-8D11-00A0C91BC942}") = "Apollo", "Apollo.vcxproj", "{9056FDCC-BA21-4FB0-88DE-41448C130C51}"
EndProject
Global
	GlobalSection(SolutionConfigurationPlatforms) = preSolution
		Debug|x86 = Debug|x86
		Release|x86 = Release|x86
	EndGlobalSection
	GlobalSection(ProjectConfigurationPlatforms) = postSolution
		{9056FDCC-BA21-4FB0-88DE-41448C130C51}.Debug|x86.ActiveCfg = Debug|Win32
		{9056FDCC-BA21-4FB0-88DE-41448C130C51}.Release|x86.ActiveCfg = Release|Win32
	EndGlobalSection
	GlobalSection(SolutionProperties) = preSolution
		HideSolutionNode = FALSE
	EndGlobalSection
	GlobalSection(ExtensibilityGlobals) = postSolution
		SolutionGuid = {031109C1-EF09-4549-A219-BC42806ACE8A}
	EndGlobalSection
EndGlobal
